{
  "name": "googleprivateapi",
  "version": "0.0.1",
  "lockfileVersion": 1,
  "requires": true,
  "dependencies": {
    "@ts-module-for-gas/gas-http": {
      "version": "0.0.4",
      "resolved": "https://registry.npmjs.org/@ts-module-for-gas/gas-http/-/gas-http-0.0.4.tgz",
      "integrity": "sha512-t+SyCQ0kGymT4FUjFnls6zkG+QZsXrKC86uczfqVM3qYmYzSNgbkCTOntJZGNa3TrxX/EV9LEcHdIfU7S05bqg==",
      "requires": {
        "@types/google-apps-script": "0.0.35"
      },
      "dependencies": {
        "@types/google-apps-script": {
          "version": "0.0.35",
          "resolved": "https://registry.npmjs.org/@types/google-apps-script/-/google-apps-script-0.0.35.tgz",
          "integrity": "sha512-rm5ojk+E1IbVKUoKvEypp9aJVcr6+uFIghznf+rmu+waX9e6bOU/kP4uBliAw1V/FM1pcbVBozSLTYxBoY5mow=="
        }
      }
    },
    "@ts-module-for-gas/gas-slack": {
      "version": "0.2.1",
      "resolved": "https://registry.npmjs.org/@ts-module-for-gas/gas-slack/-/gas-slack-0.2.1.tgz",
      "integrity": "sha512-URF8V2sVXn+VpoYsF8TD+DxEvw/Ml0qlbEq/AD0zGm4npEcxKbD8EF0BcvG60phUy+lZPasRNr1j8RCUCB/PQg==",
      "requires": {
        "@types/google-apps-script": "0.0.34"
      }
    },
    "@ts-module-for-gas/gas-utilities": {
      "version": "0.6.0",
      "resolved": "https://registry.npmjs.org/@ts-module-for-gas/gas-utilities/-/gas-utilities-0.6.0.tgz",
      "integrity": "sha512-Pdb/nt6toRHp9S0UYCyEZPVJ6blzuhTGNdoXmmfpGJtZ2b+Ld5BrBSAePja5htoQU8l77oPoknrqVScEetOfVQ=="
    },
    "@types/google-apps-script": {
      "version": "0.0.34",
      "resolved": "https://registry.npmjs.org/@types/google-apps-script/-/google-apps-script-0.0.34.tgz",
      "integrity": "sha512-aBAtHJVJIbS40eikaNvWeDSM/QQOUA81oGLGaq16pHxSKp/ZKpAi/B7xQ6rIVK3mgTgDHwo9IRwrwh2QA4obrw=="
    }
  }
}
